# This lock file was generated by conda-lock (https://github.com/conda/conda-lock). DO NOT EDIT!
#
# A "lock file" contains a concrete list of package versions (with checksums) to be installed. Unlike
# e.g. `conda env create`, the resulting environment will not change as new package versions become
# available, unless you explicitly update the lock file.
#
# Install this environment as "YOURENV" with:
#     conda-lock install -n YOURENV rnaseq.conda-lock.yml
# To update a single package to the latest version compatible with the version constraints in the source:
#     conda-lock lock  --lockfile rnaseq.conda-lock.yml --update PACKAGE
# To re-solve the entire environment, e.g. after changing a version constraint in the source file:
#     conda-lock -f environment.lock.yml --lockfile rnaseq.conda-lock.yml
version: 1
metadata:
  content_hash:
    linux-64: 4641a25021f47ee831e34f594efd44e04879e16b9664538d0858cea8a354c515
    linux-aarch64: d5a19f75983232dd6ccc830844ea69f2f4a2b5c2d32452f35218921fb48e3b08
  channels:
  - url: conda-forge
    used_env_vars: []
  platforms:
  - linux-64
  - linux-aarch64
  sources:
  - environment.lock.yml
package:
- name: _openmp_mutex
  version: '4.5'
  manager: conda
  platform: linux-64
  dependencies:
    __glibc: '>=2.17,<3.0.a0'
    libgomp: '>=7.5.0'
  url: https://conda.anaconda.org/conda-forge/linux-64/_openmp_mutex-4.5-20_gnu.conda
  hash:
    md5: a9f577daf3de00bca7c3c76c0ecbd1de
    sha256: 1dd3fffd892081df9726d7eb7e0dea6198962ba775bd88842135a4ddb4deb3c9
  category: main
  optional: false
- name: _openmp_mutex
  version: '4.5'
  manager: conda
  platform: linux-aarch64
  dependencies:
    libgomp: '>=7.5.0'
  url: https://conda.anaconda.org/conda-forge/linux-aarch64/_openmp_mutex-4.5-20_gnu.conda
  hash:
    md5: 468fd3bb9e1f671d36c2cbc677e56f1d
    sha256: a2527b1d81792a0ccd2c05850960df119c2b6d8f5fdec97f2db7d25dc23b1068
  category: main
  optional: false
- name: biopython
  version: '1.85'
  manager: conda
  platform: linux-64
  dependencies:
    __glibc: '>=2.17,<3.0.a0'
    libgcc: '>=14'
    numpy: ''
    python: '>=3.12,<3.13.0a0'
    python_abi: 3.12.*
  url: https://conda.anaconda.org/conda-forge/linux-64/biopython-1.85-py312h4c3975b_2.conda
  hash:
    md5: 58e0e16481277e14d374a5804881f5ea
    sha256: cf6c4b111d1926524e1304e82bb78404ba08f82e83c63f5c16e8c3aca6dc7b57
  category: main
  optional: false
- name: biopython
  version: '1.85'
  manager: conda
  platform: linux-aarch64
  dependencies:
    libgcc: '>=14'
    numpy: ''
    python: '>=3.12,<3.13.0a0'
    python_abi: 3.12.*
  url: https://conda.anaconda.org/conda-forge/linux-aarch64/biopython-1.85-py312hcd1a082_2.conda
  hash:
    md5: 6ef5c3f33c4c733b42a42e5e53d6a597
    sha256: b6d74a3d5266ba93b8153b3d76d26dd838c64c74948278350b3327f6d06c0fc1
  category: main
  optional: false
- name: bzip2
  version: 1.0.8
  manager: conda
  platform: linux-64
  dependencies:
    __glibc: '>=2.17,<3.0.a0'
    libgcc: '>=14'
  url: https://conda.anaconda.org/conda-forge/linux-64/bzip2-1.0.8-hda65f42_9.conda
  hash:
    md5: d2ffd7602c02f2b316fd921d39876885
    sha256: 0b75d45f0bba3e95dc693336fa51f40ea28c980131fec438afb7ce6118ed05f6
  category: main
  optional: false
- name: bzip2
  version: 1.0.8
  manager: conda
  platform: linux-aarch64
  dependencies:
    libgcc: '>=14'
  url: https://conda.anaconda.org/conda-forge/linux-aarch64/bzip2-1.0.8-h4777abc_9.conda
  hash:
    md5: 840d8fc0d7b3209be93080bc20e07f2d
    sha256: b3495077889dde6bb370938e7db82be545c73e8589696ad0843a32221520ad4c
  category: main
  optional: false
- name: ca-certificates
  version: 2026.7.22
  manager: conda
  platform: linux-64
  dependencies:
    __unix: ''
  url: https://conda.anaconda.org/conda-forge/noarch/ca-certificates-2026.7.22-hbd8a1cb_0.conda
  hash:
    md5: 0f51e2391ade309db462a55611263e9c
    sha256: 0a0544cf95f64394fe4959286f5c71f5444ad58feb0602e53becb27448d24da6
  category: main
  optional: false
- name: ca-certificates
  version: 2026.7.22
  manager: conda
  platform: linux-aarch64
  dependencies:
    __unix: ''
  url: https://conda.anaconda.org/conda-forge/noarch/ca-certificates-2026.7.22-hbd8a1cb_0.conda
  hash:
    md5: 0f51e2391ade309db462a55611263e9c
    sha256: 0a0544cf95f64394fe4959286f5c71f5444ad58feb0602e53becb27448d24da6
  category: main
  optional: false
- name: icu
  version: '78.3'
  manager: conda
  platform: linux-64
  dependencies:
    __glibc: '>=2.17,<3.0.a0'
    libgcc: '>=14'
    libstdcxx: '>=14'
  url: https://conda.anaconda.org/conda-forge/linux-64/icu-78.3-h54a6638_2.conda
  hash:
    md5: 4ef4b977bb216a3001a3334696a80850
    sha256: d7c260b7e1cf22ce04d6ba8a86eabf4e6c50bc96a5c27fe2ecb32298af3e88eb
  category: main
  optional: false
- name: ld_impl_linux-64
  version: 2.46.1
  manager: conda
  platform: linux-64
  dependencies:
    __glibc: '>=2.17,<3.0.a0'
    zstd: '>=1.5.7,<1.6.0a0'
  url: https://conda.anaconda.org/conda-forge/linux-64/ld_impl_linux-64-2.46.1-default_hbd61a6d_102.conda
  hash:
    md5: 449500f2c089da11c40f5c21312e3e07
    sha256: 27d83f1188cd19bcb7754a078b3fa7f4cfb8527f8eb2fde54dd01fc529d1adec
  category: main
  optional: false
- name: ld_impl_linux-aarch64
  version: 2.46.1
  manager: conda
  platform: linux-aarch64
  dependencies:
    zstd: '>=1.5.7,<1.6.0a0'
  url: https://conda.anaconda.org/conda-forge/linux-aarch64/ld_impl_linux-aarch64-2.46.1-default_h1979696_102.conda
  hash:
    md5: 489444d0acb2a579d2a002d85a08c059
    sha256: 2c4901f4227b0850328ed0c69f958b30ad2cd18982f7a31c7c1f911827004d08
  category: main
  optional: false
- name: libblas
  version: 3.11.0
  manager: conda
  platform: linux-64
  dependencies:
    libopenblas: '>=0.3.33,<1.0a0'
  url: https://conda.anaconda.org/conda-forge/linux-64/libblas-3.11.0-8_h4a7cf45_openblas.conda
  hash:
    md5: 00fc660ab1b2f5ca07e92b4900d10c79
    sha256: b2da6bfd72a1c9cb143ccf64bf5b28790cb4eb58bd1cb978f6537b2322f7d48b
  category: main
  optional: false
- name: libblas
  version: 3.11.0
  manager: conda
  platform: linux-aarch64
  dependencies:
    libopenblas: '>=0.3.33,<1.0a0'
  url: https://conda.anaconda.org/conda-forge/linux-aarch64/libblas-3.11.0-8_haddc8a3_openblas.conda
  hash:
    md5: 8b44dad125760faa2b3925f5a6e3112d
    sha256: c897399c943168c646f659952f73a9154f9122d7e9b151649dbe075dfdcd484b
  category: main
  optional: false
- name: libcblas
  version: 3.11.0
  manager: conda
  platform: linux-64
  dependencies:
    libblas: 3.11.0
  url: https://conda.anaconda.org/conda-forge/linux-64/libcblas-3.11.0-8_h0358290_openblas.conda
  hash:
    md5: 33a413f1095f8325e5c30fde3b0d2445
    sha256: 1a2bc77bb26520255904a3d9b1f40e6bf0bf9d8d3405c7709dd162282820915a
  category: main
  optional: false
- name: libcblas
  version: 3.11.0
  manager: conda
  platform: linux-aarch64
  dependencies:
    libblas: 3.11.0
  url: https://conda.anaconda.org/conda-forge/linux-aarch64/libcblas-3.11.0-8_hd72aa62_openblas.conda
  hash:
    md5: 76242b7ad6e43809afa8671dd609b4ed
    sha256: 3ba039f0705022939d90e36c1ed2fcbafd7f5bb77563e3702202ae796b32f4d2
  category: main
  optional: false
- name: libexpat
  version: 2.8.1
  manager: conda
  platform: linux-64
  dependencies:
    __glibc: '>=2.17,<3.0.a0'
    libgcc: '>=14'
  url: https://conda.anaconda.org/conda-forge/linux-64/libexpat-2.8.1-hecca717_1.conda
  hash:
    md5: b24d3c612f71e7aa74158d92106318b2
    sha256: 16feffd9ddbbe5b718515d38ee376c685ba95491cd901244e24671d20b952a77
  category: main
  optional: false
- name: libexpat
  version: 2.8.1
  manager: conda
  platform: linux-aarch64
  dependencies:
    libgcc: '>=14'
  url: https://conda.anaconda.org/conda-forge/linux-aarch64/libexpat-2.8.1-hfae3067_1.conda
  hash:
    md5: fac3b65a605cd253037fdf3daf2de8d9
    sha256: 20a5726bc8705d91437c9e6ef83b30da64a1719b869656d20a1ee818333ea5ac
  category: main
  optional: false
- name: libffi
  version: 3.5.2
  manager: conda
  platform: linux-64
  dependencies:
    __glibc: '>=2.17,<3.0.a0'
    libgcc: '>=14'
  url: https://conda.anaconda.org/conda-forge/linux-64/libffi-3.5.2-h3435931_0.conda
  hash:
    md5: a360c33a5abe61c07959e449fa1453eb
    sha256: 31f19b6a88ce40ebc0d5a992c131f57d919f73c0b92cd1617a5bec83f6e961e6
  category: main
  optional: false
- name: libffi
  version: 3.5.2
  manager: conda
  platform: linux-aarch64
  dependencies:
    libgcc: '>=14'
  url: https://conda.anaconda.org/conda-forge/linux-aarch64/libffi-3.5.2-h376a255_0.conda
  hash:
    md5: 2f364feefb6a7c00423e80dcb12db62a
    sha256: 3df4c539449aabc3443bbe8c492c01d401eea894603087fca2917aa4e1c2dea9
  category: main
  optional: false
- name: libgcc
  version: 15.2.0
  manager: conda
  platform: linux-64
  dependencies:
    __glibc: '>=2.17,<3.0.a0'
    _openmp_mutex: '>=4.5'
  url: https://conda.anaconda.org/conda-forge/linux-64/libgcc-15.2.0-he0feb66_20.conda
  hash:
    md5: 3533de187cf7283f96bfdb28ad73e2bc
    sha256: e3b7bb287d1685b15781a6d9e3408d6ddaff23f5a1d0d6c0140619dd3950fe72
  category: main
  optional: false
- name: libgcc
  version: 15.2.0
  manager: conda
  platform: linux-aarch64
  dependencies:
    _openmp_mutex: '>=4.5'
  url: https://conda.anaconda.org/conda-forge/linux-aarch64/libgcc-15.2.0-h8acb6b2_20.conda
  hash:
    md5: 44728537e108c9dc60f4dd78efdd6f5b
    sha256: b8274208cff283551c1a0eaa0f8970ee58bb954f96cd270dfc30ebeb355e6ca3
  category: main
  optional: false
- name: libgcc-ng
  version: 15.2.0
  manager: conda
  platform: linux-64
  dependencies:
    libgcc: 15.2.0
  url: https://conda.anaconda.org/conda-forge/linux-64/libgcc-ng-15.2.0-h69a702a_20.conda
  hash:
    md5: c099368d009e4d828449eaed7b2cb701
    sha256: e01a2a027fceea1011d2e74307845fb0c4bd6d195ff27fbf5baeafa55531d128
  category: main
  optional: false
- name: libgcc-ng
  version: 15.2.0
  manager: conda
  platform: linux-aarch64
  dependencies:
    libgcc: 15.2.0
  url: https://conda.anaconda.org/conda-forge/linux-aarch64/libgcc-ng-15.2.0-he9431aa_20.conda
  hash:
    md5: cf5cfbe0da529b6df258b9fe2efc9033
    sha256: 4778b29114359381f0582d1dbfb82933a08ecac356d7c380d7f1203e159f6a7c
  category: main
  optional: false
- name: libgfortran
  version: 15.2.0
  manager: conda
  platform: linux-64
  dependencies:
    libgfortran5: 15.2.0
  url: https://conda.anaconda.org/conda-forge/linux-64/libgfortran-15.2.0-h69a702a_20.conda
  hash:
    md5: a450a08a63f940e9aa7b37692e71196a
    sha256: 76d81032e264b74f519cc26962d5eb39547e0785fc9d2957bbc12e7a91214412
  category: main
  optional: false
- name: libgfortran
  version: 15.2.0
  manager: conda
  platform: linux-aarch64
  dependencies:
    libgfortran5: 15.2.0
  url: https://conda.anaconda.org/conda-forge/linux-aarch64/libgfortran-15.2.0-he9431aa_20.conda
  hash:
    md5: 9a2cdf6a72609803793099767719e962
    sha256: df718f4740678be387a7fef69f07c2a6018355b224980bfbf8becd460b61fc1c
  category: main
  optional: false
- name: libgfortran5
  version: 15.2.0
  manager: conda
  platform: linux-64
  dependencies:
    __glibc: '>=2.17,<3.0.a0'
    libgcc: '>=15.2.0'
  url: https://conda.anaconda.org/conda-forge/linux-64/libgfortran5-15.2.0-h68bc16d_20.conda
  hash:
    md5: 4edbcbea1a8790a7d58e648523b69546
    sha256: 95122f42566dc9a62b9615d2372b3f3c75fa7bd8bb1eda53aa7532ce60d545eb
  category: main
  optional: false
- name: libgfortran5
  version: 15.2.0
  manager: conda
  platform: linux-aarch64
  dependencies:
    libgcc: '>=15.2.0'
  url: https://conda.anaconda.org/conda-forge/linux-aarch64/libgfortran5-15.2.0-h1b7bec0_20.conda
  hash:
    md5: f898c9d13cc66fbf7d4587e0cb274bfb
    sha256: 0520a811cf2dde6778ab53b68a8b463fa3886299ebe2af0a63974d372949d078
  category: main
  optional: false
- name: libgomp
  version: 15.2.0
  manager: conda
  platform: linux-64
  dependencies:
    __glibc: '>=2.17,<3.0.a0'
  url: https://conda.anaconda.org/conda-forge/linux-64/libgomp-15.2.0-he0feb66_20.conda
  hash:
    md5: 49321086c41bb58fc4b6cd8cbb74679d
    sha256: 30b8ff1bf43871a17c9de99e56171ef54cfbe690ffa86681628db5a00af97cf7
  category: main
  optional: false
- name: libgomp
  version: 15.2.0
  manager: conda
  platform: linux-aarch64
  dependencies: {}
  url: https://conda.anaconda.org/conda-forge/linux-aarch64/libgomp-15.2.0-h8acb6b2_20.conda
  hash:
    md5: 694ef02da1f41b8696e7624d0648261f
    sha256: 053c48747858d726f3236e7674c0e98fd0c50aed83c5389f8f3154bd24f459f2
  category: main
  optional: false
- name: liblapack
  version: 3.11.0
  manager: conda
  platform: linux-64
  dependencies:
    libblas: 3.11.0
  url: https://conda.anaconda.org/conda-forge/linux-64/liblapack-3.11.0-8_h47877c9_openblas.conda
  hash:
    md5: 809be8ba8712c77bc7d44c2d99390dc4
    sha256: 168e327d737059553e15cc6ec36d76b9bbb3931c2a7721555fd68b4c9348b247
  category: main
  optional: false
- name: liblapack
  version: 3.11.0
  manager: conda
  platform: linux-aarch64
  dependencies:
    libblas: 3.11.0
  url: https://conda.anaconda.org/conda-forge/linux-aarch64/liblapack-3.11.0-8_h88aeb00_openblas.conda
  hash:
    md5: 3af3f2aa755abc5e91351114ae214f55
    sha256: d269a684afa0b2fdb44d6b60167f854f30410cdb5ee49a7275c026f6b10c8d05
  category: main
  optional: false
- name: liblzma
  version: 5.8.3
  manager: conda
  platform: linux-64
  dependencies:
    __glibc: '>=2.17,<3.0.a0'
    libgcc: '>=14'
  url: https://conda.anaconda.org/conda-forge/linux-64/liblzma-5.8.3-hb03c661_0.conda
  hash:
    md5: b88d90cad08e6bc8ad540cb310a761fb
    sha256: ec30e52a3c1bf7d0425380a189d209a52baa03f22fb66dd3eb587acaa765bd6d
  category: main
  optional: false
- name: liblzma
  version: 5.8.3
  manager: conda
  platform: linux-aarch64
  dependencies:
    libgcc: '>=14'
  url: https://conda.anaconda.org/conda-forge/linux-aarch64/liblzma-5.8.3-he30d5cf_0.conda
  hash:
    md5: 76298a9e6d71ee6e832a8d0d7373b261
    sha256: d61962b9cd54c3554361550203c64d5b65b71e3058a285b66e4b04b9769f0a5c
  category: main
  optional: false
- name: libnsl
  version: 2.0.1
  manager: conda
  platform: linux-64
  dependencies:
    __glibc: '>=2.17,<3.0.a0'
    libgcc: '>=13'
  url: https://conda.anaconda.org/conda-forge/linux-64/libnsl-2.0.1-hb9d3cd8_1.conda
  hash:
    md5: d864d34357c3b65a4b731f78c0801dc4
    sha256: 927fe72b054277cde6cb82597d0fcf6baf127dcbce2e0a9d8925a68f1265eef5
  category: main
  optional: false
- name: libnsl
  version: 2.0.1
  manager: conda
  platform: linux-aarch64
  dependencies:
    libgcc: '>=13'
  url: https://conda.anaconda.org/conda-forge/linux-aarch64/libnsl-2.0.1-h86ecc28_1.conda
  hash:
    md5: d5d58b2dc3e57073fe22303f5fed4db7
    sha256: c0dc4d84198e3eef1f37321299e48e2754ca83fd12e6284754e3cb231357c3a5
  category: main
  optional: false
- name: libopenblas
  version: 0.3.33
  manager: conda
  platform: linux-64
  dependencies:
    __glibc: '>=2.17,<3.0.a0'
    libgcc: '>=14'
    libgfortran: ''
    libgfortran5: '>=14.3.0'
  url: https://conda.anaconda.org/conda-forge/linux-64/libopenblas-0.3.33-pthreads_h94d23a6_0.conda
  hash:
    md5: 2d3278b721e40468295ca755c3b84070
    sha256: 3d9aa85648e5e18a6d66db98b8c4317cc426721ad7a220aa86330d1ccedc8903
  category: main
  optional: false
- name: libopenblas
  version: 0.3.33
  manager: conda
  platform: linux-aarch64
  dependencies:
    libgcc: '>=14'
    libgfortran: ''
    libgfortran5: '>=14.3.0'
  url: https://conda.anaconda.org/conda-forge/linux-aarch64/libopenblas-0.3.33-pthreads_h9d3fd7e_0.conda
  hash:
    md5: 58a66cd95e9692f08abe89f55a6f3f12
    sha256: b018ecfb05e75a8eea3f21f6b5c5c2a54b5178bdcf19e2e2df2735740214a8c8
  category: main
  optional: false
- name: libsqlite
  version: 3.53.4
  manager: conda
  platform: linux-64
  dependencies:
    __glibc: '>=2.17,<3.0.a0'
    icu: '>=78.3,<79.0a0'
    libgcc: '>=14'
    libzlib: '>=1.3.2,<2.0a0'
  url: https://conda.anaconda.org/conda-forge/linux-64/libsqlite-3.53.4-hf4e2dac_0.conda
  hash:
    md5: df088a279cd5e6fd2790b4c196434da1
    sha256: 72023efc207fe681e26b65fc9d668062cf0b4f0eacf3431e6eb099b95c1f2efd
  category: main
  optional: false
- name: libsqlite
  version: 3.53.4
  manager: conda
  platform: linux-aarch64
  dependencies:
    libgcc: '>=14'
    libzlib: '>=1.3.2,<2.0a0'
  url: https://conda.anaconda.org/conda-forge/linux-aarch64/libsqlite-3.53.4-h022381a_0.conda
  hash:
    md5: 99898219505ff142be5734dc6fa0d900
    sha256: da46b52f6815e9771f4e21e3332c423c88644e91ac96b0534e85158adc88a8b4
  category: main
  optional: false
- name: libstdcxx
  version: 15.2.0
  manager: conda
  platform: linux-64
  dependencies:
    __glibc: '>=2.17,<3.0.a0'
    libgcc: 15.2.0
  url: https://conda.anaconda.org/conda-forge/linux-64/libstdcxx-15.2.0-h934c35e_20.conda
  hash:
    md5: fbd3d5506b11b5cfc916b29263b6b6f7
    sha256: b5eadda8fb0df262f0d424c4a0c8c1c8d65d904ce622f07936c793ea1b8a39d9
  category: main
  optional: false
- name: libstdcxx
  version: 15.2.0
  manager: conda
  platform: linux-aarch64
  dependencies:
    libgcc: 15.2.0
  url: https://conda.anaconda.org/conda-forge/linux-aarch64/libstdcxx-15.2.0-hef695bb_20.conda
  hash:
    md5: 557580b03327077bcd8fca6dd4b893c6
    sha256: 148c9c01c4fc647c98b0972397c9c51e8e83235355e22913d3acc2ee5c86a447
  category: main
  optional: false
- name: libuuid
  version: 2.42.2
  manager: conda
  platform: linux-64
  dependencies:
    __glibc: '>=2.17,<3.0.a0'
    libgcc: '>=14'
  url: https://conda.anaconda.org/conda-forge/linux-64/libuuid-2.42.2-h5347b49_0.conda
  hash:
    md5: 01bb81d12c957de066ea7362007df642
    sha256: 9b1bdce27a7e31f7d241aeecff67a1f3101d52a2b1e33ccc2cdf2613072bf81f
  category: main
  optional: false
- name: libuuid
  version: 2.42.2
  manager: conda
  platform: linux-aarch64
  dependencies:
    libgcc: '>=14'
  url: https://conda.anaconda.org/conda-forge/linux-aarch64/libuuid-2.42.2-h1022ec0_0.conda
  hash:
    md5: 58fa42bc4bc71fc329889497ec15effb
    sha256: 7663489f97c104ae3814db10f384932c74b439f3c1fd4247e4fe3599830c090a
  category: main
  optional: false
- name: libxcrypt
  version: 4.4.36
  manager: conda
  platform: linux-64
  dependencies:
    libgcc-ng: '>=12'
  url: https://conda.anaconda.org/conda-forge/linux-64/libxcrypt-4.4.36-hd590300_1.conda
  hash:
    md5: 5aa797f8787fe7a17d1b0821485b5adc
    sha256: 6ae68e0b86423ef188196fff6207ed0c8195dd84273cb5623b85aa08033a410c
  category: main
  optional: false
- name: libxcrypt
  version: 4.4.36
  manager: conda
  platform: linux-aarch64
  dependencies:
    libgcc-ng: '>=12'
  url: https://conda.anaconda.org/conda-forge/linux-aarch64/libxcrypt-4.4.36-h31becfc_1.conda
  hash:
    md5: b4df5d7d4b63579d081fd3a4cf99740e
    sha256: 6b46c397644091b8a26a3048636d10b989b1bf266d4be5e9474bf763f828f41f
  category: main
  optional: false
- name: libzlib
  version: 1.3.2
  manager: conda
  platform: linux-64
  dependencies:
    __glibc: '>=2.17,<3.0.a0'
  url: https://conda.anaconda.org/conda-forge/linux-64/libzlib-1.3.2-h25fd6f3_2.conda
  hash:
    md5: d87ff7921124eccd67248aa483c23fec
    sha256: 55044c403570f0dc26e6364de4dc5368e5f3fc7ff103e867c487e2b5ab2bcda9
  category: main
  optional: false
- name: libzlib
  version: 1.3.2
  manager: conda
  platform: linux-aarch64
  dependencies: {}
  url: https://conda.anaconda.org/conda-forge/linux-aarch64/libzlib-1.3.2-hdc9db2a_2.conda
  hash:
    md5: 502006882cf5461adced436e410046d1
    sha256: eb111e32e5a7313a5bf799c7fb2419051fa2fe7eff74769fac8d5a448b309f7f
  category: main
  optional: false
- name: ncurses
  version: '6.6'
  manager: conda
  platform: linux-64
  dependencies:
    __glibc: '>=2.17,<3.0.a0'
    libgcc: '>=14'
  url: https://conda.anaconda.org/conda-forge/linux-64/ncurses-6.6-hdb14827_0.conda
  hash:
    md5: fc21868a1a5aacc937e7a18747acb8a5
    sha256: fc89f74bbe362fb29fa3c037697a89bec140b346a2469a90f7936d1d7ea4d8a3
  category: main
  optional: false
- name: ncurses
  version: '6.6'
  manager: conda
  platform: linux-aarch64
  dependencies:
    libgcc: '>=14'
  url: https://conda.anaconda.org/conda-forge/linux-aarch64/ncurses-6.6-hf8d1292_0.conda
  hash:
    md5: b2a43456aa56fe80c2477a5094899eff
    sha256: 369db85c5cd8d99dde364ce70725d76511d9c8199e5b820c740414091bf5bcca
  category: main
  optional: false
- name: numpy
  version: 2.5.1
  manager: conda
  platform: linux-64
  dependencies:
    __glibc: '>=2.17,<3.0.a0'
    libblas: '>=3.9.0,<4.0a0'
    libcblas: '>=3.9.0,<4.0a0'
    libgcc: '>=14'
    liblapack: '>=3.9.0,<4.0a0'
    libstdcxx: '>=14'
    python: ''
    python_abi: 3.12.*
  url: https://conda.anaconda.org/conda-forge/linux-64/numpy-2.5.1-py312h33ff503_0.conda
  hash:
    md5: 3b7525d598ec0d0365ebd2378160a02f
    sha256: 2941c4a5fee88fe1c91c0d95b65e3a292d078f6655b53ff60f4813a44349c83e
  category: main
  optional: false
- name: numpy
  version: 2.5.1
  manager: conda
  platform: linux-aarch64
  dependencies:
    libblas: '>=3.9.0,<4.0a0'
    libcblas: '>=3.9.0,<4.0a0'
    libgcc: '>=14'
    liblapack: '>=3.9.0,<4.0a0'
    libstdcxx: '>=14'
    python: ''
    python_abi: 3.12.*
  url: https://conda.anaconda.org/conda-forge/linux-aarch64/numpy-2.5.1-py312hce9e0af_0.conda
  hash:
    md5: de1fdf9d91f160b6ff3744ce003c488d
    sha256: 3116431b4ad9ac1d88ef3d78555fabe1ef6def58bc1d0159e31dbe221cf5ee2b
  category: main
  optional: false
- name: openssl
  version: 3.6.3
  manager: conda
  platform: linux-64
  dependencies:
    __glibc: '>=2.17,<3.0.a0'
    ca-certificates: ''
    libgcc: '>=14'
  url: https://conda.anaconda.org/conda-forge/linux-64/openssl-3.6.3-h35e630c_0.conda
  hash:
    md5: 79dd2074b5cd5c5c6b2930514a11e22d
    sha256: d48f5c22b9897c01e4dff3680f1f57ceb02711ab9c62f74339b080419dfad34b
  category: main
  optional: false
- name: openssl
  version: 3.6.3
  manager: conda
  platform: linux-aarch64
  dependencies:
    ca-certificates: ''
    libgcc: '>=14'
  url: https://conda.anaconda.org/conda-forge/linux-aarch64/openssl-3.6.3-h546c87b_0.conda
  hash:
    md5: fa6260b3e6eababf6ca85a7eb3336383
    sha256: da4a5df42614166b69c2f6d8602fc1425f7aaa699f77c3bafb5c7fe69b3d9fb7
  category: main
  optional: false
- name: python
  version: 3.12.13
  manager: conda
  platform: linux-64
  dependencies:
    __glibc: '>=2.17,<3.0.a0'
    bzip2: '>=1.0.8,<2.0a0'
    ld_impl_linux-64: '>=2.36.1'
    libexpat: '>=2.7.4,<3.0a0'
    libffi: '>=3.5.2,<3.6.0a0'
    libgcc: '>=14'
    liblzma: '>=5.8.2,<6.0a0'
    libnsl: '>=2.0.1,<2.1.0a0'
    libsqlite: '>=3.51.2,<4.0a0'
    libuuid: '>=2.41.3,<3.0a0'
    libxcrypt: '>=4.4.36'
    libzlib: '>=1.3.1,<2.0a0'
    ncurses: '>=6.5,<7.0a0'
    openssl: '>=3.5.5,<4.0a0'
    readline: '>=8.3,<9.0a0'
    tk: '>=8.6.13,<8.7.0a0'
    tzdata: ''
  url: https://conda.anaconda.org/conda-forge/linux-64/python-3.12.13-hd63d673_0_cpython.conda
  hash:
    md5: 7eccb41177e15cc672e1babe9056018e
    sha256: a44655c1c3e1d43ed8704890a91e12afd68130414ea2c0872e154e5633a13d7e
  category: main
  optional: false
- name: python
  version: 3.12.13
  manager: conda
  platform: linux-aarch64
  dependencies:
    bzip2: '>=1.0.8,<2.0a0'
    ld_impl_linux-aarch64: '>=2.36.1'
    libexpat: '>=2.7.4,<3.0a0'
    libffi: '>=3.5.2,<3.6.0a0'
    libgcc: '>=14'
    liblzma: '>=5.8.2,<6.0a0'
    libnsl: '>=2.0.1,<2.1.0a0'
    libsqlite: '>=3.51.2,<4.0a0'
    libuuid: '>=2.41.3,<3.0a0'
    libxcrypt: '>=4.4.36'
    libzlib: '>=1.3.1,<2.0a0'
    ncurses: '>=6.5,<7.0a0'
    openssl: '>=3.5.5,<4.0a0'
    readline: '>=8.3,<9.0a0'
    tk: '>=8.6.13,<8.7.0a0'
    tzdata: ''
  url: https://conda.anaconda.org/conda-forge/linux-aarch64/python-3.12.13-h91f4b29_0_cpython.conda
  hash:
    md5: 8aed8fdbbc03a5c9f455d20ce75a9dce
    sha256: 61933478813f5fd96c89a00dd964201b0266d71d2e3bc4dd5679354056e46948
  category: main
  optional: false
- name: python_abi
  version: '3.12'
  manager: conda
  platform: linux-64
  dependencies: {}
  url: https://conda.anaconda.org/conda-forge/noarch/python_abi-3.12-8_cp312.conda
  hash:
    md5: c3efd25ac4d74b1584d2f7a57195ddf1
    sha256: 80677180dd3c22deb7426ca89d6203f1c7f1f256f2d5a94dc210f6e758229809
  category: main
  optional: false
- name: python_abi
  version: '3.12'
  manager: conda
  platform: linux-aarch64
  dependencies: {}
  url: https://conda.anaconda.org/conda-forge/noarch/python_abi-3.12-8_cp312.conda
  hash:
    md5: c3efd25ac4d74b1584d2f7a57195ddf1
    sha256: 80677180dd3c22deb7426ca89d6203f1c7f1f256f2d5a94dc210f6e758229809
  category: main
  optional: false
- name: readline
  version: '8.3'
  manager: conda
  platform: linux-64
  dependencies:
    __glibc: '>=2.17,<3.0.a0'
    libgcc: '>=14'
    ncurses: '>=6.5,<7.0a0'
  url: https://conda.anaconda.org/conda-forge/linux-64/readline-8.3-h853b02a_0.conda
  hash:
    md5: d7d95fc8287ea7bf33e0e7116d2b95ec
    sha256: 12ffde5a6f958e285aa22c191ca01bbd3d6e710aa852e00618fa6ddc59149002
  category: main
  optional: false
- name: readline
  version: '8.3'
  manager: conda
  platform: linux-aarch64
  dependencies:
    libgcc: '>=14'
    ncurses: '>=6.5,<7.0a0'
  url: https://conda.anaconda.org/conda-forge/linux-aarch64/readline-8.3-hb682ff5_0.conda
  hash:
    md5: 3d49cad61f829f4f0e0611547a9cda12
    sha256: fe695f9d215e9a2e3dd0ca7f56435ab4df24f5504b83865e3d295df36e88d216
  category: main
  optional: false
- name: tk
  version: 8.6.13
  manager: conda
  platform: linux-64
  dependencies:
    __glibc: '>=2.17,<3.0.a0'
    libgcc: '>=14'
    libzlib: '>=1.3.2,<2.0a0'
  url: https://conda.anaconda.org/conda-forge/linux-64/tk-8.6.13-noxft_hd70dff1_3.conda
  hash:
    md5: 48a1049e710857572fc2a832aa394d9f
    sha256: 43624eab22f5f29df7d6ffe914cf442f28fd559b55b290906255492826e636e8
  category: main
  optional: false
- name: tk
  version: 8.6.13
  manager: conda
  platform: linux-aarch64
  dependencies:
    libgcc: '>=14'
    libzlib: '>=1.3.2,<2.0a0'
  url: https://conda.anaconda.org/conda-forge/linux-aarch64/tk-8.6.13-noxft_h5cf4473_3.conda
  hash:
    md5: 89e78452e06563964e419059ee45584a
    sha256: cd51fbda051a9f3679d10ef4a94cd1ff38c10533b82845dadce8ba87245ba4ce
  category: main
  optional: false
- name: tzdata
  version: 2026c
  manager: conda
  platform: linux-64
  dependencies: {}
  url: https://conda.anaconda.org/conda-forge/noarch/tzdata-2026c-h151e31d_0.conda
  hash:
    md5: fcb489df604d100968b737f2cb6076c6
    sha256: b928c30ddcb0e3f544c6eade8352737e6e610e263276b90232db6a578ef899d8
  category: main
  optional: false
- name: tzdata
  version: 2026c
  manager: conda
  platform: linux-aarch64
  dependencies: {}
  url: https://conda.anaconda.org/conda-forge/noarch/tzdata-2026c-h151e31d_0.conda
  hash:
    md5: fcb489df604d100968b737f2cb6076c6
    sha256: b928c30ddcb0e3f544c6eade8352737e6e610e263276b90232db6a578ef899d8
  category: main
  optional: false
- name: zstd
  version: 1.5.7
  manager: conda
  platform: linux-64
  dependencies:
    __glibc: '>=2.17,<3.0.a0'
    libzlib: '>=1.3.1,<2.0a0'
  url: https://conda.anaconda.org/conda-forge/linux-64/zstd-1.5.7-hb78ec9c_6.conda
  hash:
    md5: 4a13eeac0b5c8e5b8ab496e6c4ddd829
    sha256: 68f0206ca6e98fea941e5717cec780ed2873ffabc0e1ed34428c061e2c6268c7
  category: main
  optional: false
- name: zstd
  version: 1.5.7
  manager: conda
  platform: linux-aarch64
  dependencies:
    libzlib: '>=1.3.1,<2.0a0'
  url: https://conda.anaconda.org/conda-forge/linux-aarch64/zstd-1.5.7-h85ac4a6_6.conda
  hash:
    md5: c3655f82dcea2aa179b291e7099c1fcc
    sha256: 569990cf12e46f9df540275146da567d9c618c1e9c7a0bc9d9cfefadaed20b75
  category: main
  optional: false
